# This file was autogenerated by Stack.
# You should not edit this file by hand.
# For more information, please see the documentation at:
#   https://docs.haskellstack.org/en/stable/lock_files

packages: []
snapshots:
- completed:
    sha256: a0be17699790d562e7b285fdbb7b463f9905e71a93f6bcae3534438765d65503
    size: 557033
    url: https://raw.githubusercontent.com/commercialhaskell/stackage-snapshots/master/nightly/2022/12/1.yaml
  original: nightly-2022-12-01
